
Microsoft Visual Studio Solution File, Format Version 12.00
# Visual Studio Version 16
VisualStudioVersion = 16.0.31025.194
MinimumVisualStudioVersion = 10.0.40219.1
Project("{FAE04EC0-301F-11D3-BF4B-00C04F79EFBC}") = "EnergyDrinks", "EnergyDrinks\EnergyDrinks.csproj", "{405B1049-C9E6-46E3-809D-999F0C4B584A}"
EndProject
Project("{FAE04EC0-301F-11D3-BF4B-00C04F79EFBC}") = "RallyRacing", "RallyRacing\RallyRacing.csproj", "{A94C347D-33A7-4AE2-94D7-BA98328F7B3B}"
EndProject
Project("{FAE04EC0-301F-11D3-BF4B-00C04F79EFBC}") = "ComputerArchitecture", "ComputerArchitecture\ComputerArchitecture.csproj", "{30E05A61-8E45-404D-8CBA-5C6776CA1657}"
EndProject
Global
	GlobalSection(SolutionConfigurationPlatforms) = preSolution
		Debug|Any CPU = Debug|Any CPU
		Release|Any CPU = Release|Any CPU
	EndGlobalSection
	GlobalSection(ProjectConfigurationPlatforms) = postSolution
		{405B1049-C9E6-46E3-809D-999F0C4B584A}.Debug|Any CPU.ActiveCfg = Debug|Any CPU
		{405B1049-C9E6-46E3-809D-999F0C4B584A}.Debug|Any CPU.Build.0 = Debug|Any CPU
		{405B1049-C9E6-46E3-809D-999F0C4B584A}.Release|Any CPU.ActiveCfg = Release|Any CPU
		{405B1049-C9E6-46E3-809D-999F0C4B584A}.Release|Any CPU.Build.0 = Release|Any CPU
		{A94C347D-33A7-4AE2-94D7-BA98328F7B3B}.Debug|Any CPU.ActiveCfg = Debug|Any CPU
		{A94C347D-33A7-4AE2-94D7-BA98328F7B3B}.Debug|Any CPU.Build.0 = Debug|Any CPU
		{A94C347D-33A7-4AE2-94D7-BA98328F7B3B}.Release|Any CPU.ActiveCfg = Release|Any CPU
		{A94C347D-33A7-4AE2-94D7-BA98328F7B3B}.Release|Any CPU.Build.0 = Release|Any CPU
		{30E05A61-8E45-404D-8CBA-5C6776CA1657}.Debug|Any CPU.ActiveCfg = Debug|Any CPU
		{30E05A61-8E45-404D-8CBA-5C6776CA1657}.Debug|Any CPU.Build.0 = Debug|Any CPU
		{30E05A61-8E45-404D-8CBA-5C6776CA1657}.Release|Any CPU.ActiveCfg = Release|Any CPU
		{30E05A61-8E45-404D-8CBA-5C6776CA1657}.Release|Any CPU.Build.0 = Release|Any CPU
	EndGlobalSection
	GlobalSection(SolutionProperties) = preSolution
		HideSolutionNode = FALSE
	EndGlobalSection
	GlobalSection(ExtensibilityGlobals) = postSolution
		SolutionGuid = {2925269D-FB79-4B31-B450-C9C2496EAEC6}
	EndGlobalSection
EndGlobal
